{
  "requires": true,
  "lockfileVersion": 1,
  "dependencies": {
    "es6-promise": {
      "version": "4.2.8",
      "resolved": "https://registry.npmjs.org/es6-promise/-/es6-promise-4.2.8.tgz",
      "integrity": "sha512-HJDGx5daxeIvxdBxvG2cb9g4tEvwIk3i8+nhX0yGrYmZUzbkdg8QbDevheDB8gd0//uPj4c1EQua8Q+MViT0/w=="
    },
    "vue-cookies": {
      "version": "1.7.0",
      "resolved": "https://registry.npmjs.org/vue-cookies/-/vue-cookies-1.7.0.tgz",
      "integrity": "sha512-vuEUm6wYMMrFAHFCrkzIUAy8+MgPAbBGmYXnk2M6X6O2KHbMT1wuDD2izacmsSUp6ZM02e23MJRtPRobl88VMg=="
    },
    "vuex": {
      "version": "3.1.3",
      "resolved": "https://registry.npmjs.org/vuex/-/vuex-3.1.3.tgz",
      "integrity": "sha512-k8vZqNMSNMgKelVZAPYw5MNb2xWSmVgCKtYKAptvm9YtZiOXnRXFWu//Y9zQNORTrm3dNj1n/WaZZI26tIX6Mw=="
    }
  }
}
